
Microsoft Visual Studio Solution File, Format Version 12.00
# Visual Studio Version 16
VisualStudioVersion = 16.6.30114.105
MinimumVisualStudioVersion = 10.0.40219.1
Project("{FAE04EC0-301F-11D3-BF4B-00C04F79EFBC}") = "API", "API\API.csproj", "{B8E982E8-F2F9-45F0-AF95-0F33DED7D5B3}"
EndProject
Project("{FAE04EC0-301F-11D3-BF4B-00C04F79EFBC}") = "Application", "Application\Application.csproj", "{C248A852-F69D-491F-97AE-F0EC6DCF4C3F}"
EndProject
Project("{FAE04EC0-301F-11D3-BF4B-00C04F79EFBC}") = "Domain", "Domain\Domain.csproj", "{4ECC9E80-8864-4E8B-92E4-324C8F637E77}"
EndProject
Project("{FAE04EC0-301F-11D3-BF4B-00C04F79EFBC}") = "Persistence", "Persistence\Persistence.csproj", "{635E8E57-2C0A-4F20-926F-4ECB44638C0D}"
EndProject
Global
	GlobalSection(SolutionConfigurationPlatforms) = preSolution
		Debug|Any CPU = Debug|Any CPU
		Debug|x64 = Debug|x64
		Debug|x86 = Debug|x86
		Release|Any CPU = Release|Any CPU
		Release|x64 = Release|x64
		Release|x86 = Release|x86
	EndGlobalSection
	GlobalSection(SolutionProperties) = preSolution
		HideSolutionNode = FALSE
	EndGlobalSection
	GlobalSection(ProjectConfigurationPlatforms) = postSolution
		{B8E982E8-F2F9-45F0-AF95-0F33DED7D5B3}.Debug|Any CPU.ActiveCfg = Debug|Any CPU
		{B8E982E8-F2F9-45F0-AF95-0F33DED7D5B3}.Debug|Any CPU.Build.0 = Debug|Any CPU
		{B8E982E8-F2F9-45F0-AF95-0F33DED7D5B3}.Debug|x64.ActiveCfg = Debug|Any CPU
		{B8E982E8-F2F9-45F0-AF95-0F33DED7D5B3}.Debug|x64.Build.0 = Debug|Any CPU
		{B8E982E8-F2F9-45F0-AF95-0F33DED7D5B3}.Debug|x86.ActiveCfg = Debug|Any CPU
		{B8E982E8-F2F9-45F0-AF95-0F33DED7D5B3}.Debug|x86.Build.0 = Debug|Any CPU
		{B8E982E8-F2F9-45F0-AF95-0F33DED7D5B3}.Release|Any CPU.ActiveCfg = Release|Any CPU
		{B8E982E8-F2F9-45F0-AF95-0F33DED7D5B3}.Release|Any CPU.Build.0 = Release|Any CPU
		{B8E982E8-F2F9-45F0-AF95-0F33DED7D5B3}.Release|x64.ActiveCfg = Release|Any CPU
		{B8E982E8-F2F9-45F0-AF95-0F33DED7D5B3}.Release|x64.Build.0 = Release|Any CPU
		{B8E982E8-F2F9-45F0-AF95-0F33DED7D5B3}.Release|x86.ActiveCfg = Release|Any CPU
		{B8E982E8-F2F9-45F0-AF95-0F33DED7D5B3}.Release|x86.Build.0 = Release|Any CPU
		{C248A852-F69D-491F-97AE-F0EC6DCF4C3F}.Debug|Any CPU.ActiveCfg = Debug|Any CPU
		{C248A852-F69D-491F-97AE-F0EC6DCF4C3F}.Debug|Any CPU.Build.0 = Debug|Any CPU
		{C248A852-F69D-491F-97AE-F0EC6DCF4C3F}.Debug|x64.ActiveCfg = Debug|Any CPU
		{C248A852-F69D-491F-97AE-F0EC6DCF4C3F}.Debug|x64.Build.0 = Debug|Any CPU
		{C248A852-F69D-491F-97AE-F0EC6DCF4C3F}.Debug|x86.ActiveCfg = Debug|Any CPU
		{C248A852-F69D-491F-97AE-F0EC6DCF4C3F}.Debug|x86.Build.0 = Debug|Any CPU
		{C248A852-F69D-491F-97AE-F0EC6DCF4C3F}.Release|Any CPU.ActiveCfg = Release|Any CPU
		{C248A852-F69D-491F-97AE-F0EC6DCF4C3F}.Release|Any CPU.Build.0 = Release|Any CPU
		{C248A852-F69D-491F-97AE-F0EC6DCF4C3F}.Release|x64.ActiveCfg = Release|Any CPU
		{C248A852-F69D-491F-97AE-F0EC6DCF4C3F}.Release|x64.Build.0 = Release|Any CPU
		{C248A852-F69D-491F-97AE-F0EC6DCF4C3F}.Release|x86.ActiveCfg = Release|Any CPU
		{C248A852-F69D-491F-97AE-F0EC6DCF4C3F}.Release|x86.Build.0 = Release|Any CPU
		{4ECC9E80-8864-4E8B-92E4-324C8F637E77}.Debug|Any CPU.ActiveCfg = Debug|Any CPU
		{4ECC9E80-8864-4E8B-92E4-324C8F637E77}.Debug|Any CPU.Build.0 = Debug|Any CPU
		{4ECC9E80-8864-4E8B-92E4-324C8F637E77}.Debug|x64.ActiveCfg = Debug|Any CPU
		{4ECC9E80-8864-4E8B-92E4-324C8F637E77}.Debug|x64.Build.0 = Debug|Any CPU
		{4ECC9E80-8864-4E8B-92E4-324C8F637E77}.Debug|x86.ActiveCfg = Debug|Any CPU
		{4ECC9E80-8864-4E8B-92E4-324C8F637E77}.Debug|x86.Build.0 = Debug|Any CPU
		{4ECC9E80-8864-4E8B-92E4-324C8F637E77}.Release|Any CPU.ActiveCfg = Release|Any CPU
		{4ECC9E80-8864-4E8B-92E4-324C8F637E77}.Release|Any CPU.Build.0 = Release|Any CPU
		{4ECC9E80-8864-4E8B-92E4-324C8F637E77}.Release|x64.ActiveCfg = Release|Any CPU
		{4ECC9E80-8864-4E8B-92E4-324C8F637E77}.Release|x64.Build.0 = Release|Any CPU
		{4ECC9E80-8864-4E8B-92E4-324C8F637E77}.Release|x86.ActiveCfg = Release|Any CPU
		{4ECC9E80-8864-4E8B-92E4-324C8F637E77}.Release|x86.Build.0 = Release|Any CPU
		{635E8E57-2C0A-4F20-926F-4ECB44638C0D}.Debug|Any CPU.ActiveCfg = Debug|Any CPU
		{635E8E57-2C0A-4F20-926F-4ECB44638C0D}.Debug|Any CPU.Build.0 = Debug|Any CPU
		{635E8E57-2C0A-4F20-926F-4ECB44638C0D}.Debug|x64.ActiveCfg = Debug|Any CPU
		{635E8E57-2C0A-4F20-926F-4ECB44638C0D}.Debug|x64.Build.0 = Debug|Any CPU
		{635E8E57-2C0A-4F20-926F-4ECB44638C0D}.Debug|x86.ActiveCfg = Debug|Any CPU
		{635E8E57-2C0A-4F20-926F-4ECB44638C0D}.Debug|x86.Build.0 = Debug|Any CPU
		{635E8E57-2C0A-4F20-926F-4ECB44638C0D}.Release|Any CPU.ActiveCfg = Release|Any CPU
		{635E8E57-2C0A-4F20-926F-4ECB44638C0D}.Release|Any CPU.Build.0 = Release|Any CPU
		{635E8E57-2C0A-4F20-926F-4ECB44638C0D}.Release|x64.ActiveCfg = Release|Any CPU
		{635E8E57-2C0A-4F20-926F-4ECB44638C0D}.Release|x64.Build.0 = Release|Any CPU
		{635E8E57-2C0A-4F20-926F-4ECB44638C0D}.Release|x86.ActiveCfg = Release|Any CPU
		{635E8E57-2C0A-4F20-926F-4ECB44638C0D}.Release|x86.Build.0 = Release|Any CPU
	EndGlobalSection
EndGlobal
